<?xml version="1.0" encoding="utf-8"?>
<Project ToolsVersion="4.0" xmlns="http://schemas.microsoft.com/developer/msbuild/2003">
  <ItemGroup>
    <Filter Include="Source Files">
      <UniqueIdentifier>{4FC737F1-C7A5-4376-A066-2A32D752A2FF}</UniqueIdentifier>
      <Extensions>cpp;c;cc;cxx;def;odl;idl;hpj;bat;asm;asmx</Extensions>
    </Filter>
    <Filter Include="Python Files">
      <UniqueIdentifier>{eb238244-ace1-48fc-97a4-16ff886f8642}</UniqueIdentifier>
    </Filter>
  </ItemGroup>
  <ItemGroup>
    <ClCompile Include="..\Programs\_freeze_module.c">
      <Filter>Source Files</Filter>
    </ClCompile>
    <ClCompile Include="..\Modules\_io\_iomodule.c">
      <Filter>Source Files</Filter>
    </ClCompile>
    <ClCompile Include="..\Modules\_tracemalloc.c">
      <Filter>Source Files</Filter>
    </ClCompile>
    <ClCompile Include="..\Python\_warnings.c">
      <Filter>Source Files</Filter>
    </ClCompile>
    <ClCompile Include="..\Objects\abstract.c">
      <Filter>Source Files</Filter>
    </ClCompile>
    <ClCompile Include="..\Python\asdl.c">
      <Filter>Source Files</Filter>
    </ClCompile>
    <ClCompile Include="..\Python\assemble.c">
      <Filter>Source Files</Filter>
    </ClCompile>
    <ClCompile Include="..\Python\ast.c">
      <Filter>Source Files</Filter>
    </ClCompile>
    <ClCompile Include="..\Python\ast_opt.c">
      <Filter>Source Files</Filter>
    </ClCompile>
    <ClCompile Include="..\Python\ast_unparse.c">
      <Filter>Source Files</Filter>
    </ClCompile>
    <ClCompile Include="..\Modules\atexitmodule.c">
      <Filter>Source Files</Filter>
    </ClCompile>
    <ClCompile Include="..\Python\bltinmodule.c">
      <Filter>Source Files</Filter>
    </ClCompile>
    <ClCompile Include="..\Python\brc.c">
      <Filter>Python</Filter>
    </ClCompile>
    <ClCompile Include="..\Objects\boolobject.c">
      <Filter>Source Files</Filter>
    </ClCompile>
    <ClCompile Include="..\Python\bootstrap_hash.c">
      <Filter>Source Files</Filter>
    </ClCompile>
    <ClCompile Include="..\Modules\_io\bufferedio.c">
      <Filter>Source Files</Filter>
    </ClCompile>
    <ClCompile Include="..\Objects\bytearrayobject.c">
      <Filter>Source Files</Filter>
    </ClCompile>
    <ClCompile Include="..\Objects\bytes_methods.c">
      <Filter>Source Files</Filter>
    </ClCompile>
    <ClCompile Include="..\Modules\_io\bytesio.c">
      <Filter>Source Files</Filter>
    </ClCompile>
    <ClCompile Include="..\Objects\bytesobject.c">
      <Filter>Source Files</Filter>
    </ClCompile>
    <ClCompile Include="..\Objects\call.c">
      <Filter>Source Files</Filter>
    </ClCompile>
    <ClCompile Include="..\Objects\capsule.c">
      <Filter>Source Files</Filter>
    </ClCompile>
    <ClCompile Include="..\Objects\cellobject.c">
      <Filter>Source Files</Filter>
    </ClCompile>
    <ClCompile Include="..\Python\ceval.c">
      <Filter>Source Files</Filter>
    </ClCompile>
    <ClCompile Include="..\Objects\classobject.c">
      <Filter>Source Files</Filter>
    </ClCompile>
    <ClCompile Include="..\Python\codecs.c">
      <Filter>Source Files</Filter>
    </ClCompile>
    <ClCompile Include="..\Objects\codeobject.c">
      <Filter>Source Files</Filter>
    </ClCompile>
    <ClCompile Include="..\Python\perf_trampoline.c">
      <Filter>Source Files</Filter>
    </ClCompile>
    <ClCompile Include="..\Python\perf_jit_trampoline.c">
      <Filter>Source Files</Filter>
    </ClCompile>
    <ClCompile Include="..\Python\compile.c">
      <Filter>Source Files</Filter>
    </ClCompile>
    <ClCompile Include="..\Objects\complexobject.c">
      <Filter>Source Files</Filter>
    </ClCompile>
    <ClCompile Include="..\PC\config_minimal.c">
      <Filter>Source Files</Filter>
    </ClCompile>
    <ClCompile Include="..\Python\context.c">
      <Filter>Source Files</Filter>
    </ClCompile>
    <ClCompile Include="..\Python\critical_section.c">
      <Filter>Source Files</Filter>
    </ClCompile>
    <ClCompile Include="..\Python\crossinterp.c">
      <Filter>Source Files</Filter>
    </ClCompile>
    <ClCompile Include="..\Objects\descrobject.c">
      <Filter>Source Files</Filter>
    </ClCompile>
    <ClCompile Include="..\Objects\dictobject.c">
      <Filter>Source Files</Filter>
    </ClCompile>
    <ClCompile Include="..\Python\dtoa.c">
      <Filter>Source Files</Filter>
    </ClCompile>
    <ClCompile Include="..\Python\dynamic_annotations.c">
      <Filter>Source Files</Filter>
    </ClCompile>
    <ClCompile Include="..\Python\dynload_win.c">
      <Filter>Source Files</Filter>
    </ClCompile>
    <ClCompile Include="..\Objects\enumobject.c">
      <Filter>Source Files</Filter>
    </ClCompile>
    <ClCompile Include="..\Python\errors.c">
      <Filter>Source Files</Filter>
    </ClCompile>
    <ClCompile Include="..\Objects\exceptions.c">
      <Filter>Source Files</Filter>
    </ClCompile>
    <ClCompile Include="..\Modules\faulthandler.c">
      <Filter>Source Files</Filter>
    </ClCompile>
    <ClCompile Include="..\Modules\_io\fileio.c">
      <Filter>Source Files</Filter>
    </ClCompile>
    <ClCompile Include="..\Objects\fileobject.c">
      <Filter>Source Files</Filter>
    </ClCompile>
    <ClCompile Include="..\Python\fileutils.c">
      <Filter>Source Files</Filter>
    </ClCompile>
    <ClCompile Include="..\Objects\floatobject.c">
      <Filter>Source Files</Filter>
    </ClCompile>
    <ClCompile Include="..\Python\flowgraph.c">
      <Filter>Source Files</Filter>
    </ClCompile>
    <ClCompile Include="..\Python\formatter_unicode.c">
      <Filter>Source Files</Filter>
    </ClCompile>
    <ClCompile Include="..\Python\frame.c">
      <Filter>Source Files</Filter>
    </ClCompile>
    <ClCompile Include="..\Objects\frameobject.c">
      <Filter>Source Files</Filter>
    </ClCompile>
    <ClCompile Include="..\Objects\funcobject.c">
      <Filter>Source Files</Filter>
    </ClCompile>
    <ClCompile Include="..\Python\future.c">
      <Filter>Source Files</Filter>
    </ClCompile>
    <ClCompile Include="..\Python\gc.c">
      <Filter>Source Files</Filter>
    </ClCompile>
    <ClCompile Include="..\Python\gc_free_threading.c">
      <Filter>Source Files</Filter>
    </ClCompile>
    <ClCompile Include="..\Python\gc_gil.c">
      <Filter>Source Files</Filter>
    </ClCompile>
    <ClCompile Include="..\Modules\gcmodule.c">
      <Filter>Source Files</Filter>
    </ClCompile>
    <ClCompile Include="..\Objects\genericaliasobject.c">
      <Filter>Source Files</Filter>
    </ClCompile>
    <ClCompile Include="..\Objects\genobject.c">
      <Filter>Source Files</Filter>
    </ClCompile>
    <ClCompile Include="..\Python\getargs.c">
      <Filter>Source Files</Filter>
    </ClCompile>
    <ClCompile Include="..\Modules\getbuildinfo.c">
      <Filter>Source Files</Filter>
    </ClCompile>
    <ClCompile Include="..\Python\getcompiler.c">
      <Filter>Source Files</Filter>
    </ClCompile>
    <ClCompile Include="..\Python\getcopyright.c">
      <Filter>Source Files</Filter>
    </ClCompile>
    <ClCompile Include="..\Python\getopt.c">
      <Filter>Source Files</Filter>
    </ClCompile>
    <ClCompile Include="..\Modules\getpath_noop.c">
      <Filter>Source Files</Filter>
    </ClCompile>
    <ClCompile Include="..\Python\getplatform.c">
      <Filter>Source Files</Filter>
    </ClCompile>
    <ClCompile Include="..\Python\getversion.c">
      <Filter>Source Files</Filter>
    </ClCompile>
    <ClCompile Include="..\Python\ceval_gil.c">
      <Filter>Source Files</Filter>
    </ClCompile>
    <ClCompile Include="..\Python\hamt.c">
      <Filter>Source Files</Filter>
    </ClCompile>
    <ClCompile Include="..\Python\hashtable.c">
      <Filter>Source Files</Filter>
    </ClCompile>
    <ClCompile Include="..\Python\import.c">
      <Filter>Source Files</Filter>
    </ClCompile>
    <ClCompile Include="..\Python\importdl.c">
      <Filter>Source Files</Filter>
    </ClCompile>
    <ClCompile Include="..\Python\initconfig.c">
      <Filter>Source Files</Filter>
    </ClCompile>
    <ClCompile Include="..\Python\instruction_sequence.c">
    <ClCompile Include="..\Python\interpconfig.c">
      <Filter>Source Files</Filter>
    </ClCompile>
    <ClCompile Include="..\Python\intrinsics.c">
      <Filter>Source Files</Filter>
    </ClCompile>
    <ClCompile Include="..\Python\instrumentation.c">
      <Filter>Source Files</Filter>
    </ClCompile>
    <ClCompile Include="..\Python\legacy_tracing.c">
      <Filter>Source Files</Filter>
    </ClCompile>
    <ClCompile Include="..\Python\lock.c">
      <Filter>Source Files</Filter>
    </ClCompile>
    <ClCompile Include="..\PC\invalid_parameter_handler.c">
      <Filter>Source Files</Filter>
    </ClCompile>
    <ClCompile Include="..\Modules\_io\iobase.c">
      <Filter>Source Files</Filter>
    </ClCompile>
    <ClCompile Include="..\Objects\iterobject.c">
      <Filter>Source Files</Filter>
    </ClCompile>
    <ClCompile Include="..\Python\jit.c">
      <Filter>Source Files</Filter>
    </ClCompile>
    <ClCompile Include="..\Objects\listobject.c">
      <Filter>Source Files</Filter>
    </ClCompile>
    <ClCompile Include="..\Objects\longobject.c">
      <Filter>Source Files</Filter>
    </ClCompile>
    <ClCompile Include="..\Python\marshal.c">
      <Filter>Source Files</Filter>
    </ClCompile>
    <ClCompile Include="..\Objects\memoryobject.c">
      <Filter>Source Files</Filter>
    </ClCompile>
    <ClCompile Include="..\Objects\methodobject.c">
      <Filter>Source Files</Filter>
    </ClCompile>
    <ClCompile Include="..\Python\modsupport.c">
      <Filter>Source Files</Filter>
    </ClCompile>
    <ClCompile Include="..\Objects\moduleobject.c">
      <Filter>Source Files</Filter>
    </ClCompile>
    <ClCompile Include="..\PC\msvcrtmodule.c">
      <Filter>Source Files</Filter>
    </ClCompile>
    <ClCompile Include="..\Parser\myreadline.c">
      <Filter>Source Files</Filter>
    </ClCompile>
    <ClCompile Include="..\Python\mysnprintf.c">
      <Filter>Source Files</Filter>
    </ClCompile>
    <ClCompile Include="..\Python\mystrtoul.c">
      <Filter>Source Files</Filter>
    </ClCompile>
    <ClCompile Include="..\Objects\namespaceobject.c">
      <Filter>Source Files</Filter>
    </ClCompile>
    <ClCompile Include="..\Objects\object.c">
      <Filter>Source Files</Filter>
    </ClCompile>
    <ClCompile Include="..\Python\object_stack.c">
      <Filter>Source Files</Filter>
    </ClCompile>
    <ClCompile Include="..\Objects\obmalloc.c">
      <Filter>Source Files</Filter>
    </ClCompile>
    <ClCompile Include="..\Objects\odictobject.c">
      <Filter>Source Files</Filter>
    </ClCompile>
    <ClCompile Include="..\Python\optimizer.c">
      <Filter>Source Files</Filter>
    </ClCompile>
    <ClCompile Include="..\Python\optimizer_analysis.c">
      <Filter>Source Files</Filter>
    </ClCompile>
    <ClCompile Include="..\Python\optimizer_symbols.c">
      <Filter>Python</Filter>
    </ClCompile>
    <ClCompile Include="..\Parser\parser.c">
      <Filter>Source Files</Filter>
    </ClCompile>
    <ClCompile Include="..\Python\parking_lot.c">
      <Filter>Source Files</Filter>
    </ClCompile>
    <ClCompile Include="..\Python\pathconfig.c">
      <Filter>Source Files</Filter>
    </ClCompile>
    <ClCompile Include="..\Parser\peg_api.c">
      <Filter>Source Files</Filter>
    </ClCompile>
    <ClCompile Include="..\Parser\pegen.c">
      <Filter>Source Files</Filter>
    </ClCompile>
    <ClCompile Include="..\Objects\picklebufobject.c">
      <Filter>Source Files</Filter>
    </ClCompile>
    <ClCompile Include="..\Modules\posixmodule.c">
      <Filter>Source Files</Filter>
    </ClCompile>
    <ClCompile Include="..\Python\preconfig.c">
      <Filter>Source Files</Filter>
    </ClCompile>
    <ClCompile Include="..\Python\pyarena.c">
      <Filter>Source Files</Filter>
    </ClCompile>
    <ClCompile Include="..\Python\pyctype.c">
      <Filter>Source Files</Filter>
    </ClCompile>
    <ClCompile Include="..\Python\pyfpe.c">
      <Filter>Source Files</Filter>
    </ClCompile>
    <ClCompile Include="..\Python\pyhash.c">
      <Filter>Source Files</Filter>
    </ClCompile>
    <ClCompile Include="..\Python\pylifecycle.c">
      <Filter>Source Files</Filter>
    </ClCompile>
    <ClCompile Include="..\Python\pymath.c">
      <Filter>Source Files</Filter>
    </ClCompile>
    <ClCompile Include="..\Python\pystate.c">
      <Filter>Source Files</Filter>
    </ClCompile>
    <ClCompile Include="..\Python\pystrcmp.c">
      <Filter>Source Files</Filter>
    </ClCompile>
    <ClCompile Include="..\Python\pystrhex.c">
      <Filter>Source Files</Filter>
    </ClCompile>
    <ClCompile Include="..\Python\pystrtod.c">
      <Filter>Source Files</Filter>
    </ClCompile>
    <ClCompile Include="..\Python\Python-ast.c">
      <Filter>Source Files</Filter>
    </ClCompile>
    <ClCompile Include="..\Python\pythonrun.c">
      <Filter>Source Files</Filter>
    </ClCompile>
    <ClCompile Include="..\Python\Python-tokenize.c">
      <Filter>Source Files</Filter>
    </ClCompile>
    <ClCompile Include="..\Python\pytime.c">
      <Filter>Source Files</Filter>
    </ClCompile>
    <ClCompile Include="..\Python\qsbr.c">
      <Filter>Source Files</Filter>
    </ClCompile>
    <ClCompile Include="..\Objects\rangeobject.c">
      <Filter>Source Files</Filter>
    </ClCompile>
    <ClCompile Include="..\Objects\setobject.c">
      <Filter>Source Files</Filter>
    </ClCompile>
    <ClCompile Include="..\Modules\signalmodule.c">
      <Filter>Source Files</Filter>
    </ClCompile>
    <ClCompile Include="..\Objects\sliceobject.c">
      <Filter>Source Files</Filter>
    </ClCompile>
    <ClCompile Include="..\Python\specialize.c">
      <Filter>Source Files</Filter>
    </ClCompile>
    <ClCompile Include="..\Parser\string_parser.c">
      <Filter>Source Files</Filter>
    </ClCompile>
    <ClCompile Include="..\Modules\_io\stringio.c">
      <Filter>Source Files</Filter>
    </ClCompile>
    <ClCompile Include="..\Python\structmember.c">
      <Filter>Source Files</Filter>
    </ClCompile>
    <ClCompile Include="..\Objects\structseq.c">
      <Filter>Source Files</Filter>
    </ClCompile>
    <ClCompile Include="..\Python\suggestions.c">
      <Filter>Source Files</Filter>
    </ClCompile>
    <ClCompile Include="..\Python\symtable.c">
      <Filter>Source Files</Filter>
    </ClCompile>
    <ClCompile Include="..\Python\sysmodule.c">
      <Filter>Source Files</Filter>
    </ClCompile>
    <ClCompile Include="..\Modules\_io\textio.c">
      <Filter>Source Files</Filter>
    </ClCompile>
    <ClCompile Include="..\Python\thread.c">
      <Filter>Source Files</Filter>
    </ClCompile>
    <ClCompile Include="..\Modules\timemodule.c">
      <Filter>Source Files</Filter>
    </ClCompile>
    <ClCompile Include="..\Parser\token.c">
      <Filter>Source Files</Filter>
    </ClCompile>
    <ClCompile Include="..\Parser\lexer\lexer.c">
      <Filter>Source Files</Filter>
    </ClCompile>
    <ClCompile Include="..\Parser\lexer\buffer.c">
      <Filter>Source Files</Filter>
    </ClCompile>
    <ClCompile Include="..\Parser\lexer\state.c">
      <Filter>Source Files</Filter>
    </ClCompile>
    <ClCompile Include="..\Parser\tokenizer\string_tokenizer.c">
      <Filter>Source Files</Filter>
    </ClCompile>
    <ClCompile Include="..\Parser\tokenizer\utf8_tokenizer.c">
      <Filter>Source Files</Filter>
    </ClCompile>
    <ClCompile Include="..\Parser\tokenizer\file_tokenizer.c">
      <Filter>Source Files</Filter>
    </ClCompile>
    <ClCompile Include="..\Parser\tokenizer\readline_tokenizer.c">
      <Filter>Source Files</Filter>
    </ClCompile>
    <ClCompile Include="..\Parser\tokenizer\helpers.c">
      <Filter>Source Files</Filter>
    </ClCompile>
    <ClCompile Include="..\Python\traceback.c">
      <Filter>Source Files</Filter>
    </ClCompile>
    <ClCompile Include="..\Python\tracemalloc.c">
      <Filter>Source Files</Filter>
    </ClCompile>
    <ClCompile Include="..\Objects\tupleobject.c">
      <Filter>Source Files</Filter>
    </ClCompile>
    <ClCompile Include="..\Objects\typeobject.c">
      <Filter>Source Files</Filter>
    </ClCompile>
    <ClCompile Include="..\Objects\unicodectype.c">
      <Filter>Source Files</Filter>
    </ClCompile>
    <ClCompile Include="..\Objects\unicodeobject.c">
      <Filter>Source Files</Filter>
    </ClCompile>
    <ClCompile Include="..\Objects\unionobject.c">
      <Filter>Source Files</Filter>
    </ClCompile>
    <ClCompile Include="..\Objects\weakrefobject.c">
      <Filter>Source Files</Filter>
    </ClCompile>
    <ClCompile Include="..\Modules\_io\winconsoleio.c">
      <Filter>Source Files</Filter>
    </ClCompile>
    <ClCompile Include="..\PC\winreg.c">
      <Filter>Source Files</Filter>
    </ClCompile>
  </ItemGroup>
  <ItemGroup>
    <None Include="..\Modules\getpath.py">
      <Filter>Python Files</Filter>
    </None>
  </ItemGroup>
  <ItemGroup>
    <!-- BEGIN frozen modules -->
    <None Include="..\Lib\argparse.py">
      <Filter>Python Files</Filter>
    </None>
    <None Include="..\Lib\ast.py">
      <Filter>Python Files</Filter>
    </None>
    <None Include="..\Lib\asyncio.py">
      <Filter>Python Files</Filter>
    </None>
    <None Include="..\Lib\base64.py">
      <Filter>Python Files</Filter>
    </None>
    <None Include="..\Lib\bdb.py">
      <Filter>Python Files</Filter>
    </None>
    <None Include="..\Lib\bisect.py">
      <Filter>Python Files</Filter>
    </None>
    <None Include="..\Lib\bz2.py">
      <Filter>Python Files</Filter>
    </None>
    <None Include="..\Lib\calendar.py">
      <Filter>Python Files</Filter>
    </None>
    <None Include="..\Lib\cmd.py">
      <Filter>Python Files</Filter>
    </None>
    <None Include="..\Lib\code.py">
      <Filter>Python Files</Filter>
    </None>
    <None Include="..\Lib\codeop.py">
      <Filter>Python Files</Filter>
    </None>
    <None Include="..\Lib\collections.py">
      <Filter>Python Files</Filter>
    </None>
    <None Include="..\Lib\concurrent.py">
      <Filter>Python Files</Filter>
    </None>
    <None Include="..\Lib\contextlib.py">
      <Filter>Python Files</Filter>
    </None>
    <None Include="..\Lib\contextvars.py">
      <Filter>Python Files</Filter>
    </None>
    <None Include="..\Lib\copy.py">
      <Filter>Python Files</Filter>
    </None>
    <None Include="..\Lib\copyreg.py">
      <Filter>Python Files</Filter>
    </None>
    <None Include="..\Lib\csv.py">
      <Filter>Python Files</Filter>
    </None>
    <None Include="..\Lib\ctypes.py">
      <Filter>Python Files</Filter>
    </None>
    <None Include="..\Lib\curses.py">
      <Filter>Python Files</Filter>
    </None>
    <None Include="..\Lib\dataclasses.py">
      <Filter>Python Files</Filter>
    </None>
    <None Include="..\Lib\datetime.py">
      <Filter>Python Files</Filter>
    </None>
    <None Include="..\Lib\decimal.py">
      <Filter>Python Files</Filter>
    </None>
    <None Include="..\Lib\difflib.py">
      <Filter>Python Files</Filter>
    </None>
    <None Include="..\Lib\dis.py">
      <Filter>Python Files</Filter>
    </None>
    <None Include="..\Lib\doctest.py">
      <Filter>Python Files</Filter>
    </None>
    <None Include="..\Lib\email.py">
      <Filter>Python Files</Filter>
    </None>
    <None Include="..\Lib\encodings.py">
      <Filter>Python Files</Filter>
    </None>
    <None Include="..\Lib\enum.py">
      <Filter>Python Files</Filter>
    </None>
    <None Include="..\Lib\fnmatch.py">
      <Filter>Python Files</Filter>
    </None>
    <None Include="..\Lib\fractions.py">
      <Filter>Python Files</Filter>
    </None>
    <None Include="..\Lib\ftplib.py">
      <Filter>Python Files</Filter>
    </None>
    <None Include="..\Lib\functools.py">
      <Filter>Python Files</Filter>
    </None>
    <None Include="..\Lib\getopt.py">
      <Filter>Python Files</Filter>
    </None>
    <None Include="..\Lib\getpass.py">
      <Filter>Python Files</Filter>
    </None>
    <None Include="..\Lib\gettext.py">
      <Filter>Python Files</Filter>
    </None>
    <None Include="..\Lib\glob.py">
      <Filter>Python Files</Filter>
    </None>
    <None Include="..\Lib\gzip.py">
      <Filter>Python Files</Filter>
    </None>
    <None Include="..\Lib\hashlib.py">
      <Filter>Python Files</Filter>
    </None>
    <None Include="..\Lib\heapq.py">
      <Filter>Python Files</Filter>
    </None>
    <None Include="..\Lib\hmac.py">
      <Filter>Python Files</Filter>
    </None>
    <None Include="..\Lib\html.py">
      <Filter>Python Files</Filter>
    </None>
    <None Include="..\Lib\http.py">
      <Filter>Python Files</Filter>
    </None>
    <None Include="..\Lib\importlib.py">
      <Filter>Python Files</Filter>
    </None>
    <None Include="..\Lib\inspect.py">
      <Filter>Python Files</Filter>
    </None>
    <None Include="..\Lib\ipaddress.py">
      <Filter>Python Files</Filter>
    </None>
    <None Include="..\Lib\json.py">
      <Filter>Python Files</Filter>
    </None>
    <None Include="..\Lib\keyword.py">
      <Filter>Python Files</Filter>
    </None>
    <None Include="..\Lib\linecache.py">
      <Filter>Python Files</Filter>
    </None>
    <None Include="..\Lib\locale.py">
      <Filter>Python Files</Filter>
    </None>
    <None Include="..\Lib\logging.py">
      <Filter>Python Files</Filter>
    </None>
    <None Include="..\Lib\lzma.py">
      <Filter>Python Files</Filter>
    </None>
    <None Include="..\Lib\mimetypes.py">
      <Filter>Python Files</Filter>
    </None>
    <None Include="..\Lib\multiprocessing.py">
      <Filter>Python Files</Filter>
    </None>
    <None Include="..\Lib\netrc.py">
      <Filter>Python Files</Filter>
    </None>
    <None Include="..\Lib\nturl2path.py">
      <Filter>Python Files</Filter>
    </None>
    <None Include="..\Lib\numbers.py">
      <Filter>Python Files</Filter>
    </None>
    <None Include="..\Lib\opcode.py">
      <Filter>Python Files</Filter>
    </None>
    <None Include="..\Lib\operator.py">
      <Filter>Python Files</Filter>
    </None>
    <None Include="..\Lib\pathlib.py">
      <Filter>Python Files</Filter>
    </None>
    <None Include="..\Lib\pdb.py">
      <Filter>Python Files</Filter>
    </None>
    <None Include="..\Lib\pickle.py">
      <Filter>Python Files</Filter>
    </None>
    <None Include="..\Lib\pkgutil.py">
      <Filter>Python Files</Filter>
    </None>
    <None Include="..\Lib\platform.py">
      <Filter>Python Files</Filter>
    </None>
    <None Include="..\Lib\plistlib.py">
      <Filter>Python Files</Filter>
    </None>
    <None Include="..\Lib\pprint.py">
      <Filter>Python Files</Filter>
    </None>
    <None Include="..\Lib\pydoc.py">
      <Filter>Python Files</Filter>
    </None>
    <None Include="..\Lib\queue.py">
      <Filter>Python Files</Filter>
    </None>
    <None Include="..\Lib\quopri.py">
      <Filter>Python Files</Filter>
    </None>
    <None Include="..\Lib\random.py">
      <Filter>Python Files</Filter>
    </None>
    <None Include="..\Lib\re.py">
      <Filter>Python Files</Filter>
    </None>
    <None Include="..\Lib\reprlib.py">
      <Filter>Python Files</Filter>
    </None>
    <None Include="..\Lib\rlcompleter.py">
      <Filter>Python Files</Filter>
    </None>
    <None Include="..\Lib\secrets.py">
      <Filter>Python Files</Filter>
    </None>
    <None Include="..\Lib\selectors.py">
      <Filter>Python Files</Filter>
    </None>
    <None Include="..\Lib\shlex.py">
      <Filter>Python Files</Filter>
    </None>
    <None Include="..\Lib\shutil.py">
      <Filter>Python Files</Filter>
    </None>
    <None Include="..\Lib\signal.py">
      <Filter>Python Files</Filter>
    </None>
    <None Include="..\Lib\socket.py">
      <Filter>Python Files</Filter>
    </None>
    <None Include="..\Lib\socketserver.py">
      <Filter>Python Files</Filter>
    </None>
    <None Include="..\Lib\ssl.py">
      <Filter>Python Files</Filter>
    </None>
    <None Include="..\Lib\statistics.py">
      <Filter>Python Files</Filter>
    </None>
    <None Include="..\Lib\string.py">
      <Filter>Python Files</Filter>
    </None>
    <None Include="..\Lib\struct.py">
      <Filter>Python Files</Filter>
    </None>
    <None Include="..\Lib\subprocess.py">
      <Filter>Python Files</Filter>
    </None>
    <None Include="..\Lib\sysconfig.py">
      <Filter>Python Files</Filter>
    </None>
    <None Include="..\Lib\tarfile.py">
      <Filter>Python Files</Filter>
    </None>
    <None Include="..\Lib\tempfile.py">
      <Filter>Python Files</Filter>
    </None>
    <None Include="..\Lib\test.py">
      <Filter>Python Files</Filter>
    </None>
    <None Include="..\Lib\textwrap.py">
      <Filter>Python Files</Filter>
    </None>
    <None Include="..\Lib\threading.py">
      <Filter>Python Files</Filter>
    </None>
    <None Include="..\Lib\tkinter.py">
      <Filter>Python Files</Filter>
    </None>
    <None Include="..\Lib\token.py">
      <Filter>Python Files</Filter>
    </None>
    <None Include="..\Lib\tokenize.py">
      <Filter>Python Files</Filter>
    </None>
    <None Include="..\Lib\traceback.py">
      <Filter>Python Files</Filter>
    </None>
    <None Include="..\Lib\tracemalloc.py">
      <Filter>Python Files</Filter>
    </None>
    <None Include="..\Lib\tty.py">
      <Filter>Python Files</Filter>
    </None>
    <None Include="..\Lib\types.py">
      <Filter>Python Files</Filter>
    </None>
    <None Include="..\Lib\typing.py">
      <Filter>Python Files</Filter>
    </None>
    <None Include="..\Lib\unittest.py">
      <Filter>Python Files</Filter>
    </None>
    <None Include="..\Lib\urllib.py">
      <Filter>Python Files</Filter>
    </None>
    <None Include="..\Lib\warnings.py">
      <Filter>Python Files</Filter>
    </None>
    <None Include="..\Lib\weakref.py">
      <Filter>Python Files</Filter>
    </None>
    <None Include="..\Lib\webbrowser.py">
      <Filter>Python Files</Filter>
    </None>
    <None Include="..\Lib\xml.py">
      <Filter>Python Files</Filter>
    </None>
    <None Include="..\Lib\xmlrpc.py">
      <Filter>Python Files</Filter>
    </None>
    <None Include="..\Lib\zipfile.py">
      <Filter>Python Files</Filter>
    </None>
    <None Include="..\Lib\_colorize.py">
      <Filter>Python Files</Filter>
    </None>
    <None Include="..\Lib\_compression.py">
      <Filter>Python Files</Filter>
    </None>
    <None Include="..\Lib\_pydatetime.py">
      <Filter>Python Files</Filter>
    </None>
    <None Include="..\Lib\_pydecimal.py">
      <Filter>Python Files</Filter>
    </None>
    <None Include="..\Lib\_pyrepl.py">
      <Filter>Python Files</Filter>
    </None>
    <None Include="..\Lib\_strptime.py">
      <Filter>Python Files</Filter>
    </None>
    <None Include="..\Lib\_weakrefset.py">
      <Filter>Python Files</Filter>
    </None>
    <None Include="..\Lib\asyncio\constants.py">
      <Filter>Python Files</Filter>
    </None>
    <None Include="..\Lib\asyncio\coroutines.py">
      <Filter>Python Files</Filter>
    </None>
    <None Include="..\Lib\asyncio\events.py">
      <Filter>Python Files</Filter>
    </None>
    <None Include="..\Lib\asyncio\exceptions.py">
      <Filter>Python Files</Filter>
    </None>
    <None Include="..\Lib\asyncio\futures.py">
      <Filter>Python Files</Filter>
    </None>
    <None Include="..\Lib\asyncio\locks.py">
      <Filter>Python Files</Filter>
    </None>
    <None Include="..\Lib\asyncio\log.py">
      <Filter>Python Files</Filter>
    </None>
    <None Include="..\Lib\asyncio\mixins.py">
      <Filter>Python Files</Filter>
    </None>
    <None Include="..\Lib\asyncio\protocols.py">
      <Filter>Python Files</Filter>
    </None>
    <None Include="..\Lib\asyncio\queues.py">
      <Filter>Python Files</Filter>
    </None>
    <None Include="..\Lib\asyncio\runners.py">
      <Filter>Python Files</Filter>
    </None>
    <None Include="..\Lib\asyncio\sslproto.py">
      <Filter>Python Files</Filter>
    </None>
    <None Include="..\Lib\asyncio\staggered.py">
      <Filter>Python Files</Filter>
    </None>
    <None Include="..\Lib\asyncio\streams.py">
      <Filter>Python Files</Filter>
    </None>
    <None Include="..\Lib\asyncio\subprocess.py">
      <Filter>Python Files</Filter>
    </None>
    <None Include="..\Lib\asyncio\taskgroups.py">
      <Filter>Python Files</Filter>
    </None>
    <None Include="..\Lib\asyncio\tasks.py">
      <Filter>Python Files</Filter>
    </None>
    <None Include="..\Lib\asyncio\threads.py">
      <Filter>Python Files</Filter>
    </None>
    <None Include="..\Lib\asyncio\timeouts.py">
      <Filter>Python Files</Filter>
    </None>
    <None Include="..\Lib\asyncio\transports.py">
      <Filter>Python Files</Filter>
    </None>
    <None Include="..\Lib\asyncio\trsock.py">
      <Filter>Python Files</Filter>
    </None>
    <None Include="..\Lib\collections\abc.py">
      <Filter>Python Files</Filter>
    </None>
    <None Include="..\Lib\concurrent\futures.py">
      <Filter>Python Files</Filter>
    </None>
    <None Include="..\Lib\ctypes\macholib.py">
      <Filter>Python Files</Filter>
    </None>
    <None Include="..\Lib\ctypes\util.py">
      <Filter>Python Files</Filter>
    </None>
    <None Include="..\Lib\ctypes\wintypes.py">
      <Filter>Python Files</Filter>
    </None>
    <None Include="..\Lib\email\base64mime.py">
      <Filter>Python Files</Filter>
    </None>
    <None Include="..\Lib\email\charset.py">
      <Filter>Python Files</Filter>
    </None>
    <None Include="..\Lib\email\contentmanager.py">
      <Filter>Python Files</Filter>
    </None>
    <None Include="..\Lib\email\encoders.py">
      <Filter>Python Files</Filter>
    </None>
    <None Include="..\Lib\email\errors.py">
      <Filter>Python Files</Filter>
    </None>
    <None Include="..\Lib\email\feedparser.py">
      <Filter>Python Files</Filter>
    </None>
    <None Include="..\Lib\email\generator.py">
      <Filter>Python Files</Filter>
    </None>
    <None Include="..\Lib\email\header.py">
      <Filter>Python Files</Filter>
    </None>
    <None Include="..\Lib\email\headerregistry.py">
      <Filter>Python Files</Filter>
    </None>
    <None Include="..\Lib\email\iterators.py">
      <Filter>Python Files</Filter>
    </None>
    <None Include="..\Lib\email\message.py">
      <Filter>Python Files</Filter>
    </None>
    <None Include="..\Lib\email\parser.py">
      <Filter>Python Files</Filter>
    </None>
    <None Include="..\Lib\email\policy.py">
      <Filter>Python Files</Filter>
    </None>
    <None Include="..\Lib\email\quoprimime.py">
      <Filter>Python Files</Filter>
    </None>
    <None Include="..\Lib\email\utils.py">
      <Filter>Python Files</Filter>
    </None>
    <None Include="..\Lib\encodings\aliases.py">
      <Filter>Python Files</Filter>
    </None>
    <None Include="..\Lib\encodings\mbcs.py">
      <Filter>Python Files</Filter>
    </None>
    <None Include="..\Lib\html\entities.py">
      <Filter>Python Files</Filter>
    </None>
    <None Include="..\Lib\http\client.py">
      <Filter>Python Files</Filter>
    </None>
    <None Include="..\Lib\http\cookiejar.py">
      <Filter>Python Files</Filter>
    </None>
    <None Include="..\Lib\http\server.py">
      <Filter>Python Files</Filter>
    </None>
    <None Include="..\Lib\json\decoder.py">
      <Filter>Python Files</Filter>
    </None>
    <None Include="..\Lib\json\encoder.py">
      <Filter>Python Files</Filter>
    </None>
    <None Include="..\Lib\json\scanner.py">
      <Filter>Python Files</Filter>
    </None>
    <None Include="..\Lib\multiprocessing\connection.py">
      <Filter>Python Files</Filter>
    </None>
    <None Include="..\Lib\multiprocessing\context.py">
      <Filter>Python Files</Filter>
    </None>
    <None Include="..\Lib\multiprocessing\dummy.py">
      <Filter>Python Files</Filter>
    </None>
    <None Include="..\Lib\multiprocessing\forkserver.py">
      <Filter>Python Files</Filter>
    </None>
    <None Include="..\Lib\multiprocessing\heap.py">
      <Filter>Python Files</Filter>
    </None>
    <None Include="..\Lib\multiprocessing\managers.py">
      <Filter>Python Files</Filter>
    </None>
    <None Include="..\Lib\multiprocessing\pool.py">
      <Filter>Python Files</Filter>
    </None>
    <None Include="..\Lib\multiprocessing\process.py">
      <Filter>Python Files</Filter>
    </None>
    <None Include="..\Lib\multiprocessing\queues.py">
      <Filter>Python Files</Filter>
    </None>
    <None Include="..\Lib\multiprocessing\reduction.py">
      <Filter>Python Files</Filter>
    </None>
    <None Include="..\Lib\multiprocessing\sharedctypes.py">
      <Filter>Python Files</Filter>
    </None>
    <None Include="..\Lib\multiprocessing\spawn.py">
      <Filter>Python Files</Filter>
    </None>
    <None Include="..\Lib\multiprocessing\synchronize.py">
      <Filter>Python Files</Filter>
    </None>
    <None Include="..\Lib\multiprocessing\util.py">
      <Filter>Python Files</Filter>
    </None>
    <None Include="..\Lib\py\compile.py">
      <Filter>Python Files</Filter>
    </None>
    <None Include="..\Lib\pydoc\data.py">
      <Filter>Python Files</Filter>
    </None>
    <None Include="..\Lib\test\support.py">
      <Filter>Python Files</Filter>
    </None>
    <None Include="..\Lib\tkinter\constants.py">
      <Filter>Python Files</Filter>
    </None>
    <None Include="..\Lib\unittest\case.py">
      <Filter>Python Files</Filter>
    </None>
    <None Include="..\Lib\unittest\loader.py">
      <Filter>Python Files</Filter>
    </None>
    <None Include="..\Lib\unittest\main.py">
      <Filter>Python Files</Filter>
    </None>
    <None Include="..\Lib\unittest\mock.py">
      <Filter>Python Files</Filter>
    </None>
    <None Include="..\Lib\unittest\result.py">
      <Filter>Python Files</Filter>
    </None>
    <None Include="..\Lib\unittest\runner.py">
      <Filter>Python Files</Filter>
    </None>
    <None Include="..\Lib\unittest\signals.py">
      <Filter>Python Files</Filter>
    </None>
    <None Include="..\Lib\unittest\suite.py">
      <Filter>Python Files</Filter>
    </None>
    <None Include="..\Lib\unittest\util.py">
      <Filter>Python Files</Filter>
    </None>
    <None Include="..\Lib\urllib\error.py">
      <Filter>Python Files</Filter>
    </None>
    <None Include="..\Lib\urllib\parse.py">
      <Filter>Python Files</Filter>
    </None>
    <None Include="..\Lib\urllib\request.py">
      <Filter>Python Files</Filter>
    </None>
    <None Include="..\Lib\urllib\response.py">
      <Filter>Python Files</Filter>
    </None>
    <None Include="..\Lib\xml\parsers.py">
      <Filter>Python Files</Filter>
    </None>
    <None Include="..\Lib\xmlrpc\client.py">
      <Filter>Python Files</Filter>
    </None>
    <None Include="..\Lib\_aix\support.py">
      <Filter>Python Files</Filter>
    </None>
    <None Include="..\Lib\_collections\abc.py">
      <Filter>Python Files</Filter>
    </None>
    <None Include="..\Lib\_compat\pickle.py">
      <Filter>Python Files</Filter>
    </None>
    <None Include="..\Lib\_ios\support.py">
      <Filter>Python Files</Filter>
    </None>
    <None Include="..\Lib\_opcode\metadata.py">
      <Filter>Python Files</Filter>
    </None>
    <None Include="..\Lib\_osx\support.py">
      <Filter>Python Files</Filter>
    </None>
    <None Include="..\Lib\_py\abc.py">
      <Filter>Python Files</Filter>
    </None>
    <None Include="..\Lib\_pyrepl\commands.py">
      <Filter>Python Files</Filter>
    </None>
    <None Include="..\Lib\_pyrepl\console.py">
      <Filter>Python Files</Filter>
    </None>
    <None Include="..\Lib\_pyrepl\curses.py">
      <Filter>Python Files</Filter>
    </None>
    <None Include="..\Lib\_pyrepl\input.py">
      <Filter>Python Files</Filter>
    </None>
    <None Include="..\Lib\_pyrepl\keymap.py">
      <Filter>Python Files</Filter>
    </None>
    <None Include="..\Lib\_pyrepl\main.py">
      <Filter>Python Files</Filter>
    </None>
    <None Include="..\Lib\_pyrepl\pager.py">
      <Filter>Python Files</Filter>
    </None>
    <None Include="..\Lib\_pyrepl\reader.py">
      <Filter>Python Files</Filter>
    </None>
    <None Include="..\Lib\_pyrepl\readline.py">
      <Filter>Python Files</Filter>
    </None>
    <None Include="..\Lib\_pyrepl\trace.py">
      <Filter>Python Files</Filter>
    </None>
    <None Include="..\Lib\_pyrepl\types.py">
      <Filter>Python Files</Filter>
    </None>
    <None Include="..\Lib\_pyrepl\utils.py">
      <Filter>Python Files</Filter>
    </None>
    <None Include="..\Lib\_threading\local.py">
      <Filter>Python Files</Filter>
    </None>
    <None Include="..\Lib\asyncio\base\events.py">
      <Filter>Python Files</Filter>
    </None>
    <None Include="..\Lib\asyncio\base\futures.py">
      <Filter>Python Files</Filter>
    </None>
    <None Include="..\Lib\asyncio\base\subprocess.py">
      <Filter>Python Files</Filter>
    </None>
    <None Include="..\Lib\asyncio\base\tasks.py">
      <Filter>Python Files</Filter>
    </None>
    <None Include="..\Lib\asyncio\format\helpers.py">
      <Filter>Python Files</Filter>
    </None>
    <None Include="..\Lib\asyncio\proactor\events.py">
      <Filter>Python Files</Filter>
    </None>
    <None Include="..\Lib\asyncio\selector\events.py">
      <Filter>Python Files</Filter>
    </None>
    <None Include="..\Lib\asyncio\unix\events.py">
      <Filter>Python Files</Filter>
    </None>
    <None Include="..\Lib\asyncio\windows\events.py">
      <Filter>Python Files</Filter>
    </None>
    <None Include="..\Lib\asyncio\windows\utils.py">
      <Filter>Python Files</Filter>
    </None>
    <None Include="..\Lib\concurrent\futures\process.py">
      <Filter>Python Files</Filter>
    </None>
    <None Include="..\Lib\concurrent\futures\thread.py">
      <Filter>Python Files</Filter>
    </None>
    <None Include="..\Lib\ctypes\aix.py">
      <Filter>Python Files</Filter>
    </None>
    <None Include="..\Lib\ctypes\endian.py">
      <Filter>Python Files</Filter>
    </None>
    <None Include="..\Lib\ctypes\macholib\dyld.py">
      <Filter>Python Files</Filter>
    </None>
    <None Include="..\Lib\ctypes\macholib\dylib.py">
      <Filter>Python Files</Filter>
    </None>
    <None Include="..\Lib\ctypes\macholib\framework.py">
      <Filter>Python Files</Filter>
    </None>
    <None Include="..\Lib\curses\has\key.py">
      <Filter>Python Files</Filter>
    </None>
    <None Include="..\Lib\email\parseaddr.py">
      <Filter>Python Files</Filter>
    </None>
    <None Include="..\Lib\email\policybase.py">
      <Filter>Python Files</Filter>
    </None>
    <None Include="..\Lib\encodings\latin_1.py">
      <Filter>Python Files</Filter>
    </None>
    <None Include="..\Lib\encodings\utf_8.py">
      <Filter>Python Files</Filter>
    </None>
    <None Include="..\Lib\importlib\bootstrap.py">
      <Filter>Python Files</Filter>
    </None>
    <None Include="..\Lib\importlib\resources\abc.py">
      <Filter>Python Files</Filter>
    </None>
    <None Include="..\Lib\importlib\resources\readers.py">
      <Filter>Python Files</Filter>
    </None>
    <None Include="..\Lib\multiprocessing\dummy\connection.py">
      <Filter>Python Files</Filter>
    </None>
    <None Include="..\Lib\multiprocessing\popen\fork.py">
      <Filter>Python Files</Filter>
    </None>
    <None Include="..\Lib\multiprocessing\popen\forkserver.py">
      <Filter>Python Files</Filter>
    </None>
    <None Include="..\Lib\multiprocessing\resource\sharer.py">
      <Filter>Python Files</Filter>
    </None>
    <None Include="..\Lib\multiprocessing\resource\tracker.py">
      <Filter>Python Files</Filter>
    </None>
    <None Include="..\Lib\multiprocessing\shared\memory.py">
      <Filter>Python Files</Filter>
    </None>
    <None Include="..\Lib\pathlib\abc.py">
      <Filter>Python Files</Filter>
    </None>
    <None Include="..\Lib\pathlib\local.py">
      <Filter>Python Files</Filter>
    </None>
    <None Include="..\Lib\pydoc\data\topics.py">
      <Filter>Python Files</Filter>
    </None>
    <None Include="..\Lib\re\casefix.py">
      <Filter>Python Files</Filter>
    </None>
    <None Include="..\Lib\re\compiler.py">
      <Filter>Python Files</Filter>
    </None>
    <None Include="..\Lib\re\constants.py">
      <Filter>Python Files</Filter>
    </None>
    <None Include="..\Lib\re\parser.py">
      <Filter>Python Files</Filter>
    </None>
    <None Include="..\Lib\unittest\log.py">
      <Filter>Python Files</Filter>
    </None>
    <None Include="..\Lib\unittest\async\case.py">
      <Filter>Python Files</Filter>
    </None>
    <None Include="..\Lib\xml\parsers\expat.py">
      <Filter>Python Files</Filter>
    </None>
    <None Include="..\Lib\zipfile\path.py">
      <Filter>Python Files</Filter>
    </None>
    <None Include="..\Lib\importlib\_bootstrap.py">
      <Filter>Python Files</Filter>
    </None>
    <None Include="..\Lib\importlib\_bootstrap_external.py">
      <Filter>Python Files</Filter>
    </None>
    <None Include="..\Lib\zipimport.py">
      <Filter>Python Files</Filter>
    </None>
    <None Include="..\Lib\abc.py">
      <Filter>Python Files</Filter>
    </None>
    <None Include="..\Lib\codecs.py">
      <Filter>Python Files</Filter>
    </None>
    <None Include="..\Lib\io.py">
      <Filter>Python Files</Filter>
    </None>
    <None Include="..\Lib\_collections_abc.py">
      <Filter>Python Files</Filter>
    </None>
    <None Include="..\Lib\_sitebuiltins.py">
      <Filter>Python Files</Filter>
    </None>
    <None Include="..\Lib\genericpath.py">
      <Filter>Python Files</Filter>
    </None>
    <None Include="..\Lib\ntpath.py">
      <Filter>Python Files</Filter>
    </None>
    <None Include="..\Lib\posixpath.py">
      <Filter>Python Files</Filter>
    </None>
    <None Include="..\Lib\os.py">
      <Filter>Python Files</Filter>
    </None>
    <None Include="..\Lib\site.py">
      <Filter>Python Files</Filter>
    </None>
    <None Include="..\Lib\stat.py">
      <Filter>Python Files</Filter>
    </None>
    <None Include="..\Lib\importlib\util.py">
      <Filter>Python Files</Filter>
    </None>
    <None Include="..\Lib\importlib\machinery.py">
      <Filter>Python Files</Filter>
    </None>
    <None Include="..\Lib\runpy.py">
      <Filter>Python Files</Filter>
    </None>
    <None Include="..\Lib\__hello__.py">
      <Filter>Python Files</Filter>
    </None>
    <None Include="..\Lib\<__phello__\**\*>.py">
      <Filter>Python Files</Filter>
    </None>
    <None Include="..\Tools\freeze\flag.py">
      <Filter>Python Files</Filter>
    </None>
    <!-- END frozen modules -->
  </ItemGroup>
</Project>
